<?xml version="1.0" encoding="utf-8"?>
<Project ToolsVersion="4.0" xmlns="http://schemas.microsoft.com/developer/msbuild/2003">
  <ItemGroup>
    <Filter Include="Source Files">
      <UniqueIdentifier>{4FC737F1-C7A5-4376-A066-2A32D752A2FF}</UniqueIdentifier>
      <Extensions>cpp;c;cc;cxx;def;odl;idl;hpj;bat;asm;asmx</Extensions>
    </Filter>
    <Filter Include="Header Files">
      <UniqueIdentifier>{93995380-89BD-4b04-88EB-625FBE52EBFB}</UniqueIdentifier>
      <Extensions>h;hh;hpp;hxx;hm;inl;inc;xsd</Extensions>
    </Filter>
    <Filter Include="Resource Files">
      <UniqueIdentifier>{67DA6AB6-F800-4c08-8B7A-83BB121AAD01}</UniqueIdentifier>
      <Extensions>rc;ico;cur;bmp;dlg;rc2;rct;bin;rgs;gif;jpg;jpeg;jpe;resx;tiff;tif;png;wav;mfcribbon-ms</Extensions>
    </Filter>
  </ItemGroup>
  <ItemGroup>
    <ClCompile Include="SemiBoostingApplication.cpp">
      <Filter>Source Files</Filter>
    </ClCompile>
    <ClCompile Include="SemiBoostingTracker.cpp">
      <Filter>Source Files</Filter>
    </ClCompile>
    <ClCompile Include="BaseClassifier.cpp">
      <Filter>Source Files</Filter>
    </ClCompile>
    <ClCompile Include="ClassifierThreshold.cpp">
      <Filter>Source Files</Filter>
    </ClCompile>
    <ClCompile Include="Detector.cpp">
      <Filter>Source Files</Filter>
    </ClCompile>
    <ClCompile Include="EstimatedGaussDistribution.cpp">
      <Filter>Source Files</Filter>
    </ClCompile>
    <ClCompile Include="FeatureHaar.cpp">
      <Filter>Source Files</Filter>
    </ClCompile>
    <ClCompile Include="ImageHandler.cpp">
      <Filter>Source Files</Filter>
    </ClCompile>
    <ClCompile Include="ImageRepresentation.cpp">
      <Filter>Source Files</Filter>
    </ClCompile>
    <ClCompile Include="ImageSource.cpp">
      <Filter>Source Files</Filter>
    </ClCompile>
    <ClCompile Include="ImageSourceAVIFile.cpp">
      <Filter>Source Files</Filter>
    </ClCompile>
    <ClCompile Include="ImageSourceDir.cpp">
      <Filter>Source Files</Filter>
    </ClCompile>
    <ClCompile Include="ImageSourceUSBCam.cpp">
      <Filter>Source Files</Filter>
    </ClCompile>
    <ClCompile Include="Patches.cpp">
      <Filter>Source Files</Filter>
    </ClCompile>
    <ClCompile Include="Regions.cpp">
      <Filter>Source Files</Filter>
    </ClCompile>
    <ClCompile Include="StrongClassifier.cpp">
      <Filter>Source Files</Filter>
    </ClCompile>
    <ClCompile Include="StrongClassifierDirectSelection.cpp">
      <Filter>Source Files</Filter>
    </ClCompile>
    <ClCompile Include="StrongClassifierStandard.cpp">
      <Filter>Source Files</Filter>
    </ClCompile>
    <ClCompile Include="StrongClassifierStandardSemi.cpp">
      <Filter>Source Files</Filter>
    </ClCompile>
    <ClCompile Include="WeakClassifier.cpp">
      <Filter>Source Files</Filter>
    </ClCompile>
    <ClCompile Include="WeakClassifierHaarFeature.cpp">
      <Filter>Source Files</Filter>
    </ClCompile>
  </ItemGroup>
  <ItemGroup>
    <ClInclude Include="SemiBoostingTracker.h">
      <Filter>Header Files</Filter>
    </ClInclude>
    <ClInclude Include="stdint.h">
      <Filter>Header Files</Filter>
    </ClInclude>
    <ClInclude Include="BaseClassifier.h">
      <Filter>Header Files</Filter>
    </ClInclude>
    <ClInclude Include="ClassifierThreshold.h">
      <Filter>Header Files</Filter>
    </ClInclude>
    <ClInclude Include="Detector.h">
      <Filter>Header Files</Filter>
    </ClInclude>
    <ClInclude Include="EstimatedGaussDistribution.h">
      <Filter>Header Files</Filter>
    </ClInclude>
    <ClInclude Include="FeatureHaar.h">
      <Filter>Header Files</Filter>
    </ClInclude>
    <ClInclude Include="ImageHandler.h">
      <Filter>Header Files</Filter>
    </ClInclude>
    <ClInclude Include="ImageRepresentation.h">
      <Filter>Header Files</Filter>
    </ClInclude>
    <ClInclude Include="ImageSource.h">
      <Filter>Header Files</Filter>
    </ClInclude>
    <ClInclude Include="ImageSourceAny.h">
      <Filter>Header Files</Filter>
    </ClInclude>
    <ClInclude Include="ImageSourceAVIFile.h">
      <Filter>Header Files</Filter>
    </ClInclude>
    <ClInclude Include="ImageSourceDir.h">
      <Filter>Header Files</Filter>
    </ClInclude>
    <ClInclude Include="ImageSourceUSBCam.h">
      <Filter>Header Files</Filter>
    </ClInclude>
    <ClInclude Include="Patches.h">
      <Filter>Header Files</Filter>
    </ClInclude>
    <ClInclude Include="Regions.h">
      <Filter>Header Files</Filter>
    </ClInclude>
    <ClInclude Include="StrongClassifier.h">
      <Filter>Header Files</Filter>
    </ClInclude>
    <ClInclude Include="StrongClassifierDirectSelection.h">
      <Filter>Header Files</Filter>
    </ClInclude>
    <ClInclude Include="StrongClassifierStandard.h">
      <Filter>Header Files</Filter>
    </ClInclude>
    <ClInclude Include="StrongClassifierStandardSemi.h">
      <Filter>Header Files</Filter>
    </ClInclude>
    <ClInclude Include="WeakClassifier.h">
      <Filter>Header Files</Filter>
    </ClInclude>
    <ClInclude Include="WeakClassifierHaarFeature.h">
      <Filter>Header Files</Filter>
    </ClInclude>
    <ClInclude Include="windefs.h">
      <Filter>Header Files</Filter>
    </ClInclude>
    <ClInclude Include="OS_specific.h">
      <Filter>Header Files</Filter>
    </ClInclude>
  </ItemGroup>
</Project>